
Microsoft Visual Studio Solution File, Format Version 12.00
# Visual Studio 15
VisualStudioVersion = 15.0.28010.2046
MinimumVisualStudioVersion = 10.0.40219.1
Project("{FAE04EC0-301F-11D3-BF4B-00C04F79EFBC}") = "08 - Boss Final", "08 - Boss Final\08 - Boss Final.csproj", "{DEA9510E-000B-4ACC-86FC-7EA27779AECB}"
EndProject
Global
	GlobalSection(SolutionConfigurationPlatforms) = preSolution
		Debug|ARM = Debug|ARM
		Debug|x64 = Debug|x64
		Debug|x86 = Debug|x86
		Release|ARM = Release|ARM
		Release|x64 = Release|x64
		Release|x86 = Release|x86
	EndGlobalSection
	GlobalSection(ProjectConfigurationPlatforms) = postSolution
		{DEA9510E-000B-4ACC-86FC-7EA27779AECB}.Debug|ARM.ActiveCfg = Debug|ARM
		{DEA9510E-000B-4ACC-86FC-7EA27779AECB}.Debug|ARM.Build.0 = Debug|ARM
		{DEA9510E-000B-4ACC-86FC-7EA27779AECB}.Debug|ARM.Deploy.0 = Debug|ARM
		{DEA9510E-000B-4ACC-86FC-7EA27779AECB}.Debug|x64.ActiveCfg = Debug|x64
		{DEA9510E-000B-4ACC-86FC-7EA27779AECB}.Debug|x64.Build.0 = Debug|x64
		{DEA9510E-000B-4ACC-86FC-7EA27779AECB}.Debug|x64.Deploy.0 = Debug|x64
		{DEA9510E-000B-4ACC-86FC-7EA27779AECB}.Debug|x86.ActiveCfg = Debug|x86
		{DEA9510E-000B-4ACC-86FC-7EA27779AECB}.Debug|x86.Build.0 = Debug|x86
		{DEA9510E-000B-4ACC-86FC-7EA27779AECB}.Debug|x86.Deploy.0 = Debug|x86
		{DEA9510E-000B-4ACC-86FC-7EA27779AECB}.Release|ARM.ActiveCfg = Release|ARM
		{DEA9510E-000B-4ACC-86FC-7EA27779AECB}.Release|ARM.Build.0 = Release|ARM
		{DEA9510E-000B-4ACC-86FC-7EA27779AECB}.Release|ARM.Deploy.0 = Release|ARM
		{DEA9510E-000B-4ACC-86FC-7EA27779AECB}.Release|x64.ActiveCfg = Release|x64
		{DEA9510E-000B-4ACC-86FC-7EA27779AECB}.Release|x64.Build.0 = Release|x64
		{DEA9510E-000B-4ACC-86FC-7EA27779AECB}.Release|x64.Deploy.0 = Release|x64
		{DEA9510E-000B-4ACC-86FC-7EA27779AECB}.Release|x86.ActiveCfg = Release|x86
		{DEA9510E-000B-4ACC-86FC-7EA27779AECB}.Release|x86.Build.0 = Release|x86
		{DEA9510E-000B-4ACC-86FC-7EA27779AECB}.Release|x86.Deploy.0 = Release|x86
	EndGlobalSection
	GlobalSection(SolutionProperties) = preSolution
		HideSolutionNode = FALSE
	EndGlobalSection
	GlobalSection(ExtensibilityGlobals) = postSolution
		SolutionGuid = {9B1082FB-2EC4-427C-A52A-522B2670F94F}
	EndGlobalSection
EndGlobal
